
Microsoft Visual Studio Solution File, Format Version 12.00
# Visual Studio Version 16
VisualStudioVersion = 16.0.35325.158
MinimumVisualStudioVersion = 10.0.40219.1
Project("{FAE04EC0-301F-11D3-BF4B-00C04F79EFBC}") = "davaleba 5", "davaleba 5\davaleba 5.csproj", "{F43EB586-5BBA-43AA-915C-854EE28B5922}"
EndProject
Global
	GlobalSection(SolutionConfigurationPlatforms) = preSolution
		Debug|Any CPU = Debug|Any CPU
		Release|Any CPU = Release|Any CPU
	EndGlobalSection
	GlobalSection(ProjectConfigurationPlatforms) = postSolution
		{F43EB586-5BBA-43AA-915C-854EE28B5922}.Debug|Any CPU.ActiveCfg = Debug|Any CPU
		{F43EB586-5BBA-43AA-915C-854EE28B5922}.Debug|Any CPU.Build.0 = Debug|Any CPU
		{F43EB586-5BBA-43AA-915C-854EE28B5922}.Release|Any CPU.ActiveCfg = Release|Any CPU
		{F43EB586-5BBA-43AA-915C-854EE28B5922}.Release|Any CPU.Build.0 = Release|Any CPU
	EndGlobalSection
	GlobalSection(SolutionProperties) = preSolution
		HideSolutionNode = FALSE
	EndGlobalSection
	GlobalSection(ExtensibilityGlobals) = postSolution
		SolutionGuid = {3D57BBB9-9862-4826-8287-48BDC4B6ED03}
	EndGlobalSection
EndGlobal
